{
    "_meta": {
        "hash": {
            "sha256": "d5d8aab6324cbfaa7a5ee83ed9e2f4551d47c376d0d0e8d9bc65e3c246a5583a"
        },
        "host-environment-markers": {
            "implementation_name": "cpython",
            "implementation_version": "3.6.2",
            "os_name": "posix",
            "platform_machine": "x86_64",
            "platform_python_implementation": "CPython",
            "platform_release": "17.6.0",
            "platform_system": "Darwin",
            "platform_version": "Darwin Kernel Version 17.6.0: Tue May  8 15:22:16 PDT 2018; root:xnu-4570.61.1~1/RELEASE_X86_64",
            "python_full_version": "3.6.2",
            "python_version": "3.6",
            "sys_platform": "darwin"
        },
        "pipfile-spec": 6,
        "requires": {
            "python_version": "3.6"
        },
        "sources": [
            {
                "name": "pypi",
                "url": "https://pypi.python.org/simple",
                "verify_ssl": true
            }
        ]
    },
    "default": {
        "absl-py": {
            "hashes": [
                "sha256:fcb729e9a3cf1a8f88f6c3a6465859c42116f23e1feb6208825eb88f3fd2b880"
            ],
            "version": "==0.3.0"
        },
        "astor": {
            "hashes": [
                "sha256:fb503b9e2fdd05609fbf557b916b4a7824171203701660f0c55bbf5a7a68713e",
                "sha256:95c30d87a6c2cf89aa628b87398466840f0ad8652f88eb173125a6df8533fb8d"
            ],
            "version": "==0.7.1"
        },
        "backports.weakref": {
            "hashes": [
                "sha256:81bc9b51c0abc58edc76aefbbc68c62a787918ffe943a37947e162c3f8e19e82",
                "sha256:bc4170a29915f8b22c9e7c4939701859650f2eb84184aee80da329ac0b9825c2"
            ],
            "version": "==1.0.post1"
        },
        "certifi": {
            "hashes": [
                "sha256:9fa520c1bacfb634fa7af20a76bcbd3d5fb390481724c597da32c719a7dca4b0",
                "sha256:13e698f54293db9f89122b0581843a782ad0934a4fe0172d2a980ba77fc61bb7"
            ],
            "version": "==2018.4.16"
        },
        "chardet": {
            "hashes": [
                "sha256:fc323ffcaeaed0e0a02bf4d117757b98aed530d9ed4531e3e15460124c106691",
                "sha256:84ab92ed1c4d4f16916e05906b6b75a6c0fb5db821cc65e70cbd64a3e2a5eaae"
            ],
            "version": "==3.0.4"
        },
        "coloredlogs": {
            "hashes": [
                "sha256:34fad2e342d5a559c31b6c889e8d14f97cb62c47d9a2ae7b5ed14ea10a79eff8",
                "sha256:b869a2dda3fa88154b9dd850e27828d8755bfab5a838a1c97fbc850c6e377c36"
            ],
            "version": "==10.0"
        },
        "comet-git-pure": {
            "hashes": [
                "sha256:2c27639a2de9429ef11c5097f8b95f9c9783c3a7166597b3f20f020f4de0841e",
                "sha256:e78cfda0c9c325a4dbcdbb225871214af4e3b5621c0770efd94313b24d683e46"
            ],
            "version": "==0.19.5"
        },
        "comet-ml": {
            "hashes": [
                "sha256:d292869d5817066d03add98bfaf3e480cf3547d13778b62ca5094f723e5601f1",
                "sha256:565c1ea6aaadfd200e2b65967ceb1f25abac0325194ac848991566041a7aff85"
            ],
            "version": "==1.0.22"
        },
        "enum34": {
            "hashes": [
                "sha256:6bd0f6ad48ec2aa117d3d141940d484deccda84d4fcd884f5c3d93c23ecd8c79",
                "sha256:644837f692e5f550741432dd3f223bbb9852018674981b1664e5dc339387588a",
                "sha256:8ad8c4783bf61ded74527bffb48ed9b54166685e4230386a9ed9b1279e2df5b1",
                "sha256:2d81cbbe0e73112bdfe6ef8576f2238f2ba27dd0d55752a776c41d38b7da2850"
            ],
            "version": "==1.1.6"
        },
        "funcsigs": {
            "hashes": [
                "sha256:330cc27ccbf7f1e992e69fef78261dc7c6569012cf397db8d3de0234e6c937ca",
                "sha256:a7bb0f2cf3a3fd1ab2732cb49eba4252c2af4240442415b4abce3b87022a8f50"
            ],
            "markers": "python_version < '3.3'",
            "version": "==1.0.2"
        },
        "future": {
            "hashes": [
                "sha256:e39ced1ab767b5936646cedba8bcce582398233d6a627067d4c6a454c90cfedb"
            ],
            "version": "==0.16.0"
        },
        "futures": {
            "hashes": [
                "sha256:c4884a65654a7c45435063e14ae85280eb1f111d94e542396717ba9828c4337f",
                "sha256:51ecb45f0add83c806c68e4b06106f90db260585b25ef2abfcda0bd95c0132fd"
            ],
            "version": "==3.1.1"
        },
        "gast": {
            "hashes": [
                "sha256:7068908321ecd2774f145193c4b34a11305bd104b4551b09273dfd1d6a374930"
            ],
            "version": "==0.2.0"
        },
        "grpcio": {
            "hashes": [
                "sha256:311e86e8fa349d89362831319ce830ce7f4187f4e61ac6ce1d05a0119ec9e362",
                "sha256:0dd9af65478ba73cb6a69335a0e506dccdc932c9803fa908052bf05c94da18b7",
                "sha256:96915d5140848c80204e8af57c1a021d4edadf7b99090908b57f93973f071ee1",
                "sha256:d2e2ee3035cd357fcf4c3dfd38bcb43f5a0658dced5d405f6de41419721c55be",
                "sha256:90096135ef8e8656660482675e30e6af4df67616690bfadd13be51ecf9202619",
                "sha256:bc220d9b89787a67cf87798ad2b7fdc54faf97281a3cdd02e23fb653c3c29abd",
                "sha256:e3df35591cc3eb9dc8f257b021b2739d47ea4d26b9e47bdb5ddfafba5214cba8",
                "sha256:2fe01f8fc078456f7c810d6106ac912662dd432823be0d81470d54f775fbd89d",
                "sha256:997b5854ae17c8f2e1d72abab37f96b96d6a05e536c57ff7f0f6222a7bf53b6c",
                "sha256:29551709182a5b6e884f68424ee25ea1a0eb4532da1d57eceaf378491c287ba2",
                "sha256:1e03d85ce4d0e369301a51af6be52700b456e8e0710862a03ffe595bdf4d1de3",
                "sha256:59434f6c77ed0dc6c83e278ed3c0e6f5991ae583fd1e8c5665f2a844bb33a3b7",
                "sha256:34b4d43c46f1d7ee9411dba168a0870fd1837abd3d0b5210e6a726e4f6e026fa",
                "sha256:9496b43a28d7c36fdf9632627d46487c4e53bca51fd964ff662d0e676c151a6d",
                "sha256:126324da2d626e52760117508b9d5114d6c81cd07b871e65cb7a966390fe0fa2",
                "sha256:c04aea50e4abc1f0933320a45ba445a217ae57afefd72cb8d6cfa8e61f9bf424",
                "sha256:93318988bc6555ad9ff8ebbf47e56035a95958495385381282b68b991bc4302d",
                "sha256:e7d0a3ffa7ce3a40d9a2f00e8585264ceb2c0703d07afa39c5345fb33db27cbd",
                "sha256:4d01b1bc52bffc0a966d02bcfdd7054a27735954d18efb11d084543ff593f2de",
                "sha256:52e97f0bb6b9331330c15b05dc91f019e7730c2f99a54f72054ce274f77557ed",
                "sha256:84812b2d4edcc081272062fceb71546334e56556bdd687efe63462ba0ff8e00c",
                "sha256:3e1d55fe5c2b981ed438edbe365af855444ec3c5a8f0ff30a0ceb221a9555f09",
                "sha256:339835ce87d824dd76b05b050505aecd498d986990c6790df54b45c555d4fca7",
                "sha256:6d9f9ed6bdfa84d9eb418ad0c163560ac5d478c5334cdbaca06cc3fefea00e9c",
                "sha256:2e26f5527886c7d755844c1d32ecd21f4690e349deb08410f9ffd0761a749787",
                "sha256:a2859269bc99cf062f3832c279ad5440b8bc0677e5a032346fc1a8a80f145542",
                "sha256:975a10b2d9af4d2a0c290777dfbee9548f7064e3854b865742942ee01c0e1623",
                "sha256:53daac425bb2ded3e6e8e96187d2feabeba0fe223c7234899664e50e1b970e11",
                "sha256:05df31bacb29e5a6000bef5a41458d89a434358908c7f60a5d96b75e65df9dae",
                "sha256:d5532c239607de8463e1284567e509aa00b848383e095ae243402b879efd9eaa",
                "sha256:aee34b93a47e32970187601d73137d2ba58f8d246d4cd4f07b11e5c7412ee44b",
                "sha256:9bf0ecab6816690d26d7be3fc8697058451fc82b45516cc1da108d4ba7888178"
            ],
            "version": "==1.14.0"
        },
        "humanfriendly": {
            "hashes": [
                "sha256:49196aaebc41a73106256bf2dce468452e8cf2f12b73eb54b50c25fbc1644363",
                "sha256:ed1e98ae056b597f15b41bddcc32b9f21e6ab4f3445f9faad1668675de759f7b"
            ],
            "version": "==4.16.1"
        },
        "idna": {
            "hashes": [
                "sha256:156a6814fb5ac1fc6850fb002e0852d56c0c8d2531923a51032d1b70760e186e",
                "sha256:684a38a6f903c1d71d6d5fac066b58d7768af4de2b832e426ec79c30daa94a16"
            ],
            "version": "==2.7"
        },
        "markdown": {
            "hashes": [
                "sha256:9ba587db9daee7ec761cfc656272be6aabe2ed300fece21208e4aab2e457bc8f",
                "sha256:a856869c7ff079ad84a3e19cd87a64998350c2b94e9e08e44270faef33400f81"
            ],
            "version": "==2.6.11"
        },
        "mock": {
            "hashes": [
                "sha256:5ce3c71c5545b472da17b72268978914d0252980348636840bd34a00b5cc96c1",
                "sha256:b158b6df76edd239b8208d481dc46b6afd45a846b7812ff0ce58971cf5bc8bba"
            ],
            "version": "==2.0.0"
        },
        "monotonic": {
            "hashes": [
                "sha256:552a91f381532e33cbd07c6a2655a21908088962bb8fa7239ecbcc6ad1140cc7",
                "sha256:23953d55076df038541e648a53676fb24980f7a1be290cdda21300b3bc21dfb0"
            ],
            "markers": "python_version == '2.6' or python_version == '2.7' or python_version == '3.0' or python_version == '3.1' or python_version == '3.2'",
            "version": "==1.5"
        },
        "netifaces": {
            "hashes": [
                "sha256:aea569ce1a5a75b010758097199f84d9a3a109a696473c635bcf82f8a43cc551",
                "sha256:4817871b226082600b64578549b9932bb07c1a42e9311ddd7c9dad08ff1fb22f",
                "sha256:2acb23ca092cc53b2b1f374132bbef5dd843767f6b10d31024f958474a1dfe96",
                "sha256:e6d52aee254f9cf6192b54c156c67d54dcf451bec6781580844af892e4bf36bb",
                "sha256:9cf8cb2de7524c34808e6111dfb9f89e3b7c568e6953b3e02b8397447a6d8303",
                "sha256:a77263e046636a761a2c3eeb0a56b5f8fa64f865efec91a9be008a46412b4ddd",
                "sha256:7ea8eb1e824f74c161396f0d6d76fa3943462ee9a4629c387c10399d2aee058c",
                "sha256:38969c101f1e61c2a53af6a7b635f63e81085ae87413f1f5551a4d7057f5f773",
                "sha256:e76d38d9cff51ecf9fd5b8d0adf63f7b8875e1ac8548ccb52264939e308b771e",
                "sha256:674498dad41dacd86ec82e9e1793f9d8716755085c3776f051a266b1634a0b60",
                "sha256:e1037cfad0e99a23fb4829f40302f3696395358950ba9f0315363a0e1eb04af6",
                "sha256:1edeea7d739b1d716d15214039386e999f2e374aaeac0703092132b4e55ba461",
                "sha256:19df6feff2af7a9179e42afdd01d79616d85b7ff4401b55ffce2df29d512a017",
                "sha256:0083ff8d89c559d0da0811c4930cf36e4945da0f03749e0f108678098d7d1607",
                "sha256:1a4082a52f521ceeaf3d0ff25c61a06d46444f3578f487935652ecc93becf538",
                "sha256:4bb6b02b7c485a595a9d75346df3a77fcaa12d2352437c49c2d73ed968572d72",
                "sha256:8a69dc2743dcbb9b87fa3453820852f0feabc17b03d3841619e8e63f5d3902d5",
                "sha256:179f2463469fe69c829c96c7b332c7fd3f01652311e36ae11e409e5b34eb9dad",
                "sha256:bd590fcb75421537d4149825e1e63cca225fd47dad861710c46bd1cb329d8cbd"
            ],
            "version": "==0.10.7"
        },
        "numpy": {
            "hashes": [
                "sha256:a17a8fd5df4fec5b56b4d11c9ba8b9ebfb883c90ec361628d07be00aaa4f009a",
                "sha256:c3ac359ace241707e5a48fe2922e566ac666aacacf4f8031f2994ac429c31344",
                "sha256:e2317cf091c2e7f0dacdc2e72c693cc34403ca1f8e3807622d0bb653dc978616",
                "sha256:64c6acf5175745fd1b7b7e17c74fdbfb7191af3b378bc54f44560279f41238d3",
                "sha256:924f37e66db78464b4b85ed4b6d2e5cda0c0416e657cac7ccbef14b9fa2c40b5",
                "sha256:674ea7917f0657ddb6976bd102ac341bc493d072c32a59b98e5b8c6eaa2d5ec0",
                "sha256:ae3864816287d0e86ead580b69921daec568fe680857f07ee2a87bf7fd77ce24",
                "sha256:78c35dc7ad184aebf3714dbf43f054714c6e430e14b9c06c49a864fb9e262030",
                "sha256:c7c660cc0209fdf29a4e50146ca9ac9d8664acaded6b6ae2f5d0ae2e91a0f0cd",
                "sha256:3fbccb399fe9095b1c1d7b41e7c7867db8aa0d2347fc44c87a7a180cedda112b",
                "sha256:aaa519335a71f87217ca8a680c3b66b61960e148407bdf5c209c42f50fe30f49",
                "sha256:62cb836506f40ce2529bfba9d09edc4b2687dd18c56cf4457e51c3e7145402fd",
                "sha256:55daf757e5f69aa75b4477cf4511bf1f96325c730e4ad32d954ccb593acd2585",
                "sha256:b5f8c15cb9173f6cdf0f994955e58d1265331029ae26296232379461a297e5f2",
                "sha256:24f3bb9a5f6c3936a8ccd4ddfc1210d9511f4aeb879a12efd2e80bec647b8695",
                "sha256:34033b581bc01b1135ca2e3e93a94daea7c739f21a97a75cca93e29d9f0c8e71",
                "sha256:f5a758252502b466b9c2b201ea397dae5a914336c987f3a76c3741a82d43c96e",
                "sha256:14fb76bde161c87dcec52d91c78f65aa8a23aa2e1530a71f412dabe03927d917",
                "sha256:816645178f2180be257a576b735d3ae245b1982280b97ae819550ce8bcdf2b6b",
                "sha256:f2a778dd9bb3e4590dbe3bbac28e7c7134280c4ec97e3bf8678170ee58c67b21",
                "sha256:7f17efe9605444fcbfd990ba9b03371552d65a3c259fc2d258c24fb95afdd728",
                "sha256:73a816e441dace289302e04a7a34ec4772ed234ab6885c968e3ca2fc2d06fe2d",
                "sha256:21041014b7529237994a6b578701c585703fbb3b1bea356cdb12a5ea7804241c",
                "sha256:d690a2ff49f6c3bc35336693c9924fe5916be3cc0503fe1ea6c7e2bf951409ee",
                "sha256:50718eea8e77a1bedcc85befd22c8dbf5a24c9d2c0c1e36bbb8d7a38da847eb3",
                "sha256:fb4c33a404d9eff49a0cdc8ead0af6453f62f19e071b60d283f9dc05581e4134",
                "sha256:61efc65f325770bbe787f34e00607bc124f08e6c25fdf04723848585e81560dc",
                "sha256:f28e73cf18d37a413f7d5de35d024e6b98f14566a10d82100f9dc491a7d449f9"
            ],
            "version": "==1.15.0"
        },
        "nvidia-ml-py3": {
            "hashes": [
                "sha256:390f02919ee9d73fe63a98c73101061a6b37fa694a793abf56673320f1f51277"
            ],
            "version": "==7.352.0"
        },
        "pbr": {
            "hashes": [
                "sha256:b486975c0cafb6beeb50ca0e17ba047647f229087bd74e37f4a7e2cac17d2caa",
                "sha256:1b8be50d938c9bb75d0eaf7eda111eec1bf6dc88a62a6412e33bf077457e0f45"
            ],
            "version": "==4.2.0"
        },
        "petname": {
            "hashes": [
                "sha256:be1da50a6aa01e39840e9a4b79b527a333b256733cb681f52669c08df7819ace"
            ],
            "version": "==2.2"
        },
        "pika": {
            "hashes": [
                "sha256:035e4e46069a81d1135eed27cf74ef0fedf9a0a32285966717233529e9f69bae",
                "sha256:306145b8683e016d81aea996bcaefee648483fc5a9eb4694bb488f54df54a751"
            ],
            "version": "==0.12.0"
        },
        "protobuf": {
            "hashes": [
                "sha256:d7ac50bc06d31deb07ace6de85556c1d7330e5c0958f3b2af85037d6d1182abf",
                "sha256:12985d9f40c104da2f44ec089449214876809b40fdc5d9e43b93b512b9e74056",
                "sha256:8bf82bb7a466a54be7272dcb492f71d55a2453a58d862fb74c3f2083f2768543",
                "sha256:9fefcb92a3784b446abf3641d9a14dad815bee88e0edd10b9a9e0e144d01a991",
                "sha256:3895319db04c0b3baed74fb66be7ba9f4cd8e88a432b8e71032cdf08b2dfee23",
                "sha256:695072063e256d32335d48b9484451f7c7948edc3dbd419469d6a778602682fc",
                "sha256:12c97fe27af12fc5d66b23f905ab09dd4fb0c68d5a74a419d914580e6d2e71e3",
                "sha256:327fb9d8a8247bc780b9ea7ed03c0643bc0d22c139b761c9ec1efc7cc3f0923e",
                "sha256:cca22955443c55cf86f963a4ad7057bca95e4dcde84d6a493066d380cfab3bb0",
                "sha256:7d786f3ef5b33a04e6538089674f244a3b0f588155016559d950989010af97d0",
                "sha256:9bbc1ae1c33c1bd3a2fc05a3aec328544d2b039ff0ce6f000063628a32fad777",
                "sha256:dfe6899304b898538f4dc94fa0b281b56b70e40f58afa4c6f807805261cbe2e8",
                "sha256:9e992c68103ab5635728d29fcf132c669cb4e2db24d012685210276185009d17",
                "sha256:9f1087abb67b34e55108bc610936b34363a7aac692023bcbb17e065c253a1f80",
                "sha256:a37836aa47d1b81c2db1a6b7a5e79926062b5d76bd962115a0e615551be2b48d"
            ],
            "version": "==3.6.0"
        },
        "pyyaml": {
            "hashes": [
                "sha256:d5eef459e30b09f5a098b9cea68bebfeb268697f78d647bd255a085371ac7f3f",
                "sha256:e01d3203230e1786cd91ccfdc8f8454c8069c91bee3962ad93b87a4b2860f537",
                "sha256:558dd60b890ba8fd982e05941927a3911dc409a63dcb8b634feaa0cda69330d3",
                "sha256:d46d7982b62e0729ad0175a9bc7e10a566fc07b224d2c79fafb5e032727eaa04",
                "sha256:a7c28b45d9f99102fa092bb213aa12e0aaf9a6a1f5e395d36166639c1f96c3a1",
                "sha256:bc558586e6045763782014934bfaf39d48b8ae85a2713117d16c39864085c613",
                "sha256:40c71b8e076d0550b2e6380bada1f1cd1017b882f7e16f09a65be98e017f211a",
                "sha256:3d7da3009c0f3e783b2c873687652d83b1bbfd5c88e9813fb7e5b03c0dd3108b",
                "sha256:e170a9e6fcfd19021dd29845af83bb79236068bf5fd4df3327c1be18182b2531",
                "sha256:aa7dd4a6a427aed7df6fb7f08a580d68d9b118d90310374716ae90b710280af1",
                "sha256:3ef3092145e9b70e3ddd2c7ad59bdd0252a94dfe3949721633e41344de00a6bf"
            ],
            "version": "==3.13"
        },
        "requests": {
            "hashes": [
                "sha256:63b52e3c866428a224f97cab011de738c36aec0185aa91cfacd418b5d58911d1",
                "sha256:ec22d826a36ed72a7358ff3fe56cbd4ba69dd7a6718ffd450ff0e9df7a47ce6a"
            ],
            "version": "==2.19.1"
        },
        "six": {
            "hashes": [
                "sha256:832dc0e10feb1aa2c68dcc57dbb658f1c7e65b9b61af69048abc87a2db00a0eb",
                "sha256:70e8a77beed4562e7f14fe23a786b54f6296e34344c23bc42f07b15018ff98e9"
            ],
            "version": "==1.11.0"
        },
        "tableprint": {
            "hashes": [
                "sha256:7580e195e961de18b29c933e8148abcd929e81e36fb1bcbf01022977a8bd86ac",
                "sha256:61d2d0f9c94dc3e5f0d2611651534d2e603081cb32bac30931a872838863de74"
            ],
            "version": "==0.8.0"
        },
        "tensorboard": {
            "hashes": [
                "sha256:97661706fbe857c372405e0f5bd7c3db2197b5e70cec88f6924b726fde65c2c1",
                "sha256:42a04637a636e16054b065907c81396b83a9702948ecd14218f19dc5cf85de98"
            ],
            "version": "==1.9.0"
        },
        "tensorflow": {
            "hashes": [
                "sha256:01fca4d85855131c874cff811e0786f240e7270d5dfa699883bde60f550752b6",
                "sha256:9215db0fa590a2da6a08d6c7ca41d940727c40332c80c968f1459470d6bf8873",
                "sha256:c6c8ec1b5a30e1fccebc4ddbee18b6df2bbaf3cf128ee086bc538738c1b3b9be",
                "sha256:393de695264357de6505a7dc86c7787b6caf0c1ec54830fe8dad105d090fd6a2",
                "sha256:7d90a57373501b3fae0a109f5e5176883ec5417a43868970564b84ae9e64709d",
                "sha256:7486408e0ce0381edc2935c3cdbc4052d7a5e8c36083c058ffa013ac6047bb24",
                "sha256:d351f7db08b8de322536c5886fada3e37feae809bfd37368050f9eeea544b87e",
                "sha256:3e8b783966a02d83027a92c3c55083ad8d8a0ddf4ad920f40ffaae107be79c78",
                "sha256:22d71e13947b85ca8fb625db4d7094c68ebc014fee911db9d658205965268980",
                "sha256:42cc87627c3b0f2d60776412eaaea3aa0856650a77f94bec841535908f77ee45",
                "sha256:cd83f4a50c0eaf18526e4e56e519c3593d998d1d213df161bbc78fffdd097cb8",
                "sha256:51aa006ce0c7cbca3381e05bc7658f59cfec90a11480f2d35afd342cef8294d8"
            ],
            "version": "==1.9.0"
        },
        "termcolor": {
            "hashes": [
                "sha256:1d6d69ce66211143803fbc56652b41d73b4a400a2891d7bf7a1cdf4c02de613b"
            ],
            "version": "==1.1.0"
        },
        "tqdm": {
            "hashes": [
                "sha256:536e5a0205b6401d8aaf04b21469949c178dbe3642e3c76d3bb494a83cb22a10",
                "sha256:60bbaa6700e87a250f6abcbbd7ddb33243ad592240ba46afce5305b15b406fad"
            ],
            "version": "==4.24.0"
        },
        "urllib3": {
            "hashes": [
                "sha256:b5725a0bd4ba422ab0e66e89e030c806576753ea3ee08554382c14e685d117b5",
                "sha256:a68ac5e15e76e7e5dd2b8f94007233e01effe3e50e8daddf69acfd81cb686baf"
            ],
            "version": "==1.23"
        },
        "wcwidth": {
            "hashes": [
                "sha256:f4ebe71925af7b40a864553f761ed559b43544f8f71746c2d756c7fe788ade7c",
                "sha256:3df37372226d6e63e1b1e1eda15c594bca98a22d33a23832a90998faa96bc65e"
            ],
            "version": "==0.1.7"
        },
        "websocket-client": {
            "hashes": [
                "sha256:db70953ae4a064698b27ae56dcad84d0ee68b7b43cb40940f537738f38f510c1",
                "sha256:18f1170e6a1b5463986739d9fd45c4308b0d025c1b2f9b88788d8f69e8a5eb4a"
            ],
            "version": "==0.48.0"
        },
        "werkzeug": {
            "hashes": [
                "sha256:d5da73735293558eb1651ee2fddc4d0dedcfa06538b8813a2e20011583c9e49b",
                "sha256:c3fd7a7d41976d9f44db327260e263132466836cef6f91512889ed60ad26557c"
            ],
            "version": "==0.14.1"
        },
        "wheel": {
            "hashes": [
                "sha256:80044e51ec5bbf6c894ba0bc48d26a8c20a9ba629f4ca19ea26ecfcf87685f5f",
                "sha256:0a2e54558a0628f2145d2fc822137e322412115173e8a2ddbe1c9024338ae83c"
            ],
            "version": "==0.31.1"
        },
        "wurlitzer": {
            "hashes": [
                "sha256:15a7cb8be359e8ee42093468a60bf462af332088ea62e767af64d83fcc332ac0",
                "sha256:23e85af0850b98add77bef0a1eb47b243baab29160131d349234c9dfc9e57add"
            ],
            "version": "==1.0.2"
        }
    },
    "develop": {}
}
